
Microsoft Visual Studio Solution File, Format Version 12.00
# Visual Studio Version 17
VisualStudioVersion = 17.4.33403.182
MinimumVisualStudioVersion = 10.0.40219.1
Project("{FAE04EC0-301F-11D3-BF4B-00C04F79EFBC}") = "BooksPracticeWeb", "BooksPracticeWeb\BooksPracticeWeb.csproj", "{A10EB19E-9106-40BB-80C3-1828B32BC79E}"
EndProject
Global
	GlobalSection(SolutionConfigurationPlatforms) = preSolution
		Debug|Any CPU = Debug|Any CPU
		Release|Any CPU = Release|Any CPU
	EndGlobalSection
	GlobalSection(ProjectConfigurationPlatforms) = postSolution
		{A10EB19E-9106-40BB-80C3-1828B32BC79E}.Debug|Any CPU.ActiveCfg = Debug|Any CPU
		{A10EB19E-9106-40BB-80C3-1828B32BC79E}.Debug|Any CPU.Build.0 = Debug|Any CPU
		{A10EB19E-9106-40BB-80C3-1828B32BC79E}.Release|Any CPU.ActiveCfg = Release|Any CPU
		{A10EB19E-9106-40BB-80C3-1828B32BC79E}.Release|Any CPU.Build.0 = Release|Any CPU
	EndGlobalSection
	GlobalSection(SolutionProperties) = preSolution
		HideSolutionNode = FALSE
	EndGlobalSection
	GlobalSection(ExtensibilityGlobals) = postSolution
		SolutionGuid = {5025897B-D726-47FB-AA9A-8C3E7E491498}
	EndGlobalSection
EndGlobal
